
Microsoft Visual Studio Solution File, Format Version 12.00
# Visual Studio 15
VisualStudioVersion = 15.0.27130.2027
MinimumVisualStudioVersion = 10.0.40219.1
Project("{8BC9CEB8-8B4A-11D0-8D11-00A0C91BC942}") = "P1", "P1\P1.vcxproj", "{4A61DF50-E677-40AC-A02B-6B266AF944F8}"
EndProject
Project("{8BC9CEB8-8B4A-11D0-8D11-00A0C91BC942}") = "P2", "P2\P2.vcxproj", "{6161E514-4D6B-4306-A6A0-9B597C09663B}"
EndProject
Global
	GlobalSection(SolutionConfigurationPlatforms) = preSolution
		Debug|x64 = Debug|x64
		Debug|x86 = Debug|x86
		Release|x64 = Release|x64
		Release|x86 = Release|x86
	EndGlobalSection
	GlobalSection(ProjectConfigurationPlatforms) = postSolution
		{4A61DF50-E677-40AC-A02B-6B266AF944F8}.Debug|x64.ActiveCfg = Debug|x64
		{4A61DF50-E677-40AC-A02B-6B266AF944F8}.Debug|x64.Build.0 = Debug|x64
		{4A61DF50-E677-40AC-A02B-6B266AF944F8}.Debug|x86.ActiveCfg = Debug|Win32
		{4A61DF50-E677-40AC-A02B-6B266AF944F8}.Debug|x86.Build.0 = Debug|Win32
		{4A61DF50-E677-40AC-A02B-6B266AF944F8}.Release|x64.ActiveCfg = Release|x64
		{4A61DF50-E677-40AC-A02B-6B266AF944F8}.Release|x64.Build.0 = Release|x64
		{4A61DF50-E677-40AC-A02B-6B266AF944F8}.Release|x86.ActiveCfg = Release|Win32
		{4A61DF50-E677-40AC-A02B-6B266AF944F8}.Release|x86.Build.0 = Release|Win32
		{6161E514-4D6B-4306-A6A0-9B597C09663B}.Debug|x64.ActiveCfg = Debug|x64
		{6161E514-4D6B-4306-A6A0-9B597C09663B}.Debug|x64.Build.0 = Debug|x64
		{6161E514-4D6B-4306-A6A0-9B597C09663B}.Debug|x86.ActiveCfg = Debug|Win32
		{6161E514-4D6B-4306-A6A0-9B597C09663B}.Debug|x86.Build.0 = Debug|Win32
		{6161E514-4D6B-4306-A6A0-9B597C09663B}.Release|x64.ActiveCfg = Release|x64
		{6161E514-4D6B-4306-A6A0-9B597C09663B}.Release|x64.Build.0 = Release|x64
		{6161E514-4D6B-4306-A6A0-9B597C09663B}.Release|x86.ActiveCfg = Release|Win32
		{6161E514-4D6B-4306-A6A0-9B597C09663B}.Release|x86.Build.0 = Release|Win32
	EndGlobalSection
	GlobalSection(SolutionProperties) = preSolution
		HideSolutionNode = FALSE
	EndGlobalSection
	GlobalSection(ExtensibilityGlobals) = postSolution
		SolutionGuid = {80716964-D301-4285-8802-31FED4BA1FE7}
	EndGlobalSection
EndGlobal
